# This file was autogenerated by Stack.
# You should not edit this file by hand.
# For more information, please see the documentation at:
#   https://docs.haskellstack.org/en/stable/topics/lock_files

packages:
- completed:
    hackage: http-mock-0.1.0.0@sha256:c4c821e59bb16f3199cc81fadc0fa61dd3f4d538cb49a93d1d2ae565b3dd6dbf,1476
    pantry-tree:
      sha256: dc5a712ff67565d602054b6757596ec1cd71a5f0103650408ec3de739e0f8133
      size: 369
  original:
    hackage: http-mock-0.1.0.0@sha256:c4c821e59bb16f3199cc81fadc0fa61dd3f4d538cb49a93d1d2ae565b3dd6dbf,1476
snapshots:
- completed:
    sha256: 72cdd5851794184138551f43f0897c28f1a5acdda303b266aa9e910461103b3c
    size: 726784
    url: https://raw.githubusercontent.com/commercialhaskell/stackage-snapshots/master/lts/24/28.yaml
  original:
    url: https://raw.githubusercontent.com/commercialhaskell/stackage-snapshots/master/lts/24/28.yaml
